
Microsoft Visual Studio Solution File, Format Version 12.00
# Visual Studio Version 17
VisualStudioVersion = 17.9.34607.119
MinimumVisualStudioVersion = 10.0.40219.1
Project("{FAE04EC0-301F-11D3-BF4B-00C04F79EFBC}") = "FiltersApplication", "FiltersApplication.csproj", "{74148FE5-0B49-4A67-9A5A-E2C838DE05BC}"
EndProject
Global
	GlobalSection(SolutionConfigurationPlatforms) = preSolution
		Debug|Any CPU = Debug|Any CPU
		Release|Any CPU = Release|Any CPU
	EndGlobalSection
	GlobalSection(ProjectConfigurationPlatforms) = postSolution
		{74148FE5-0B49-4A67-9A5A-E2C838DE05BC}.Debug|Any CPU.ActiveCfg = Debug|Any CPU
		{74148FE5-0B49-4A67-9A5A-E2C838DE05BC}.Debug|Any CPU.Build.0 = Debug|Any CPU
		{74148FE5-0B49-4A67-9A5A-E2C838DE05BC}.Release|Any CPU.ActiveCfg = Release|Any CPU
		{74148FE5-0B49-4A67-9A5A-E2C838DE05BC}.Release|Any CPU.Build.0 = Release|Any CPU
	EndGlobalSection
	GlobalSection(SolutionProperties) = preSolution
		HideSolutionNode = FALSE
	EndGlobalSection
	GlobalSection(ExtensibilityGlobals) = postSolution
		SolutionGuid = {EF6935A5-6CB8-4E71-A32F-C43E97783128}
	EndGlobalSection
EndGlobal
